<?xml version="1.0" encoding="utf-8"?>
<Project ToolsVersion="16.0" xmlns="http://schemas.microsoft.com/developer/msbuild/2003">
  <ItemGroup>
    <ClCompile Include="D:\Projects\Engine\source\Application.cpp">
      <Filter>Source Files</Filter>
    </ClCompile>
    <ClCompile Include="D:\Projects\Engine\source\Rendering\Camera.cpp">
      <Filter>Source Files</Filter>
    </ClCompile>
    <ClCompile Include="D:\Projects\Engine\source\Rendering\IndexBuffer.cpp">
      <Filter>Source Files</Filter>
    </ClCompile>
    <ClCompile Include="D:\Projects\Engine\source\Rendering\Renderer.cpp">
      <Filter>Source Files</Filter>
    </ClCompile>
    <ClCompile Include="D:\Projects\Engine\source\Rendering\Shader.cpp">
      <Filter>Source Files</Filter>
    </ClCompile>
    <ClCompile Include="D:\Projects\Engine\source\Rendering\Texture.cpp">
      <Filter>Source Files</Filter>
    </ClCompile>
    <ClCompile Include="D:\Projects\Engine\source\Rendering\VertexArray.cpp">
      <Filter>Source Files</Filter>
    </ClCompile>
    <ClCompile Include="D:\Projects\Engine\source\Rendering\VertexBuffer.cpp">
      <Filter>Source Files</Filter>
    </ClCompile>
  </ItemGroup>
  <ItemGroup>
    <ClInclude Include="D:\Projects\Engine\source\Rendering\Mesh.h">
      <Filter>Header Files</Filter>
    </ClInclude>
    <ClInclude Include="D:\Projects\Engine\source\Rendering\Model.h">
      <Filter>Header Files</Filter>
    </ClInclude>
  </ItemGroup>
  <ItemGroup>
    <CustomBuild Include="D:\Projects\Engine\CMakeLists.txt" />
  </ItemGroup>
  <ItemGroup>
    <Filter Include="Header Files">
      <UniqueIdentifier>{407FA08F-DB8B-3C12-8498-4A227B9C3A9E}</UniqueIdentifier>
    </Filter>
    <Filter Include="Source Files">
      <UniqueIdentifier>{A4DB722E-D50E-36C0-A90F-935BC7E22D84}</UniqueIdentifier>
    </Filter>
  </ItemGroup>
</Project>
